
Microsoft Visual Studio Solution File, Format Version 12.00
# Visual Studio Version 17
VisualStudioVersion = 17.14.36518.9 d17.14
MinimumVisualStudioVersion = 10.0.40219.1
Project("{FAE04EC0-301F-11D3-BF4B-00C04F79EFBC}") = "Clicker_WPF.", "..\Clicker_WPF\Clicker_WPF..csproj", "{31C37A41-628D-4F8C-9EE7-8C4541B5E2D8}"
EndProject
Global
	GlobalSection(SolutionConfigurationPlatforms) = preSolution
		Debug|Any CPU = Debug|Any CPU
		Release|Any CPU = Release|Any CPU
	EndGlobalSection
	GlobalSection(ProjectConfigurationPlatforms) = postSolution
		{31C37A41-628D-4F8C-9EE7-8C4541B5E2D8}.Debug|Any CPU.ActiveCfg = Debug|Any CPU
		{31C37A41-628D-4F8C-9EE7-8C4541B5E2D8}.Debug|Any CPU.Build.0 = Debug|Any CPU
		{31C37A41-628D-4F8C-9EE7-8C4541B5E2D8}.Release|Any CPU.ActiveCfg = Release|Any CPU
		{31C37A41-628D-4F8C-9EE7-8C4541B5E2D8}.Release|Any CPU.Build.0 = Release|Any CPU
	EndGlobalSection
	GlobalSection(SolutionProperties) = preSolution
		HideSolutionNode = FALSE
	EndGlobalSection
	GlobalSection(ExtensibilityGlobals) = postSolution
		SolutionGuid = {8F861EDF-84F7-43BE-A328-DC1D662B892B}
	EndGlobalSection
EndGlobal
